
Microsoft Visual Studio Solution File, Format Version 12.00
# Visual Studio Version 17
VisualStudioVersion = 17.14.36202.13 d17.14
MinimumVisualStudioVersion = 10.0.40219.1
Project("{FAE04EC0-301F-11D3-BF4B-00C04F79EFBC}") = "KL.RAB_26.06.25", "KL.RAB_26.06.25.csproj", "{D3C98EF6-61F3-4C40-B744-FEB5F988082F}"
EndProject
Global
	GlobalSection(SolutionConfigurationPlatforms) = preSolution
		Debug|Any CPU = Debug|Any CPU
		Release|Any CPU = Release|Any CPU
	EndGlobalSection
	GlobalSection(ProjectConfigurationPlatforms) = postSolution
		{D3C98EF6-61F3-4C40-B744-FEB5F988082F}.Debug|Any CPU.ActiveCfg = Debug|Any CPU
		{D3C98EF6-61F3-4C40-B744-FEB5F988082F}.Debug|Any CPU.Build.0 = Debug|Any CPU
		{D3C98EF6-61F3-4C40-B744-FEB5F988082F}.Release|Any CPU.ActiveCfg = Release|Any CPU
		{D3C98EF6-61F3-4C40-B744-FEB5F988082F}.Release|Any CPU.Build.0 = Release|Any CPU
	EndGlobalSection
	GlobalSection(SolutionProperties) = preSolution
		HideSolutionNode = FALSE
	EndGlobalSection
	GlobalSection(ExtensibilityGlobals) = postSolution
		SolutionGuid = {66661734-54DD-4A81-99F1-52650E79E7FF}
	EndGlobalSection
EndGlobal
